// !$*UTF8*$!
{
	archiveVersion = 1;
	classes = {
	};
	objectVersion = 46;
	objects = {

/* Begin PBXBuildFile section */
		13B1C2B61ACA58B5005C179C /* APIClient.m in Sources */ = {isa = PBXBuildFile; fileRef = 13B1C2B41ACA58B5005C179C /* APIClient.m */; };
		13B1C2B91ACA58C4005C179C /* xxItem.m in Sources */ = {isa = PBXBuildFile; fileRef = 13B1C2B81ACA58C4005C179C /* xxItem.m */; };
		13B1C2BB1ACA5956005C179C /* demo.xcassets in Resources */ = {isa = PBXBuildFile; fileRef = 13B1C2BA1ACA5956005C179C /* demo.xcassets */; };
		13B1C2BE1ACA5A27005C179C /* KZPropertyMapper.m in Sources */ = {isa = PBXBuildFile; fileRef = 13B1C2BD1ACA5A27005C179C /* KZPropertyMapper.m */; };
		13B1C2C51ACA6292005C179C /* UserCenterUnlogged.storyboard in Resources */ = {isa = PBXBuildFile; fileRef = 13B1C2C41ACA6292005C179C /* UserCenterUnlogged.storyboard */; };
		13B1C2C91ACA690E005C179C /* UserCenterUnloggedViewController.m in Sources */ = {isa = PBXBuildFile; fileRef = 13B1C2C81ACA690E005C179C /* UserCenterUnloggedViewController.m */; };
		13B1C2CB1ACA6E7C005C179C /* userCenter.xcassets in Resources */ = {isa = PBXBuildFile; fileRef = 13B1C2CA1ACA6E7C005C179C /* userCenter.xcassets */; };
		13B1C2E21ACB7DC5005C179C /* AMPActivityIndicator.m in Sources */ = {isa = PBXBuildFile; fileRef = 13B1C2CF1ACB7DC5005C179C /* AMPActivityIndicator.m */; };
		13B1C2E31ACB7DC5005C179C /* MJRefresh.bundle in Resources */ = {isa = PBXBuildFile; fileRef = 13B1C2D01ACB7DC5005C179C /* MJRefresh.bundle */; };
		13B1C2E41ACB7DC5005C179C /* MJRefreshBaseView+CustomActivityIndicator.m in Sources */ = {isa = PBXBuildFile; fileRef = 13B1C2D31ACB7DC5005C179C /* MJRefreshBaseView+CustomActivityIndicator.m */; };
		13B1C2E51ACB7DC5005C179C /* MJRefreshBaseView.m in Sources */ = {isa = PBXBuildFile; fileRef = 13B1C2D51ACB7DC5005C179C /* MJRefreshBaseView.m */; };
		13B1C2E61ACB7DC5005C179C /* MJRefreshConst.m in Sources */ = {isa = PBXBuildFile; fileRef = 13B1C2D71ACB7DC5005C179C /* MJRefreshConst.m */; };
		13B1C2E71ACB7DC5005C179C /* MJRefreshFooterView.m in Sources */ = {isa = PBXBuildFile; fileRef = 13B1C2D91ACB7DC5005C179C /* MJRefreshFooterView.m */; };
		13B1C2E81ACB7DC5005C179C /* MJRefreshHeaderView.m in Sources */ = {isa = PBXBuildFile; fileRef = 13B1C2DB1ACB7DC5005C179C /* MJRefreshHeaderView.m */; };
		13B1C2E91ACB7DC5005C179C /* UIScrollView+MJExtension.m in Sources */ = {isa = PBXBuildFile; fileRef = 13B1C2DD1ACB7DC5005C179C /* UIScrollView+MJExtension.m */; };
		13B1C2EA1ACB7DC5005C179C /* UIScrollView+MJRefresh.m in Sources */ = {isa = PBXBuildFile; fileRef = 13B1C2DF1ACB7DC5005C179C /* UIScrollView+MJRefresh.m */; };
		13B1C2EB1ACB7DC5005C179C /* UIView+MJExtension.m in Sources */ = {isa = PBXBuildFile; fileRef = 13B1C2E11ACB7DC5005C179C /* UIView+MJExtension.m */; };
		13B1C2EE1ACB8994005C179C /* RegistViewController.m in Sources */ = {isa = PBXBuildFile; fileRef = 13B1C2ED1ACB8994005C179C /* RegistViewController.m */; };
		13B1C2F91ACB9BF6005C179C /* UserCenterLoggedViewController.m in Sources */ = {isa = PBXBuildFile; fileRef = 13B1C2F81ACB9BF6005C179C /* UserCenterLoggedViewController.m */; };
		13B1C2FB1ACB9C16005C179C /* UserCenterLogged.storyboard in Resources */ = {isa = PBXBuildFile; fileRef = 13B1C2FA1ACB9C16005C179C /* UserCenterLogged.storyboard */; };
		13B1C2FE1ACBB56B005C179C /* Settings.storyboard in Resources */ = {isa = PBXBuildFile; fileRef = 13B1C2FD1ACBB56B005C179C /* Settings.storyboard */; };
		13B1C3011ACBBED2005C179C /* SettingsViewController.m in Sources */ = {isa = PBXBuildFile; fileRef = 13B1C3001ACBBED2005C179C /* SettingsViewController.m */; };
		13B1C3061ACCDA92005C179C /* DemoViewController.m in Sources */ = {isa = PBXBuildFile; fileRef = 13B1C3041ACCDA92005C179C /* DemoViewController.m */; };
		13B1C3071ACCDA92005C179C /* DemoViewController.xib in Resources */ = {isa = PBXBuildFile; fileRef = 13B1C3051ACCDA92005C179C /* DemoViewController.xib */; };
		13B1C30A1ACCFE98005C179C /* GGAddressPickerHelper.m in Sources */ = {isa = PBXBuildFile; fileRef = 13B1C3091ACCFE98005C179C /* GGAddressPickerHelper.m */; };
		13BE566D1ABA574700379ACD /* ForumTableViewCell.m in Sources */ = {isa = PBXBuildFile; fileRef = 13BE566B1ABA574700379ACD /* ForumTableViewCell.m */; };
		13BE566E1ABA574700379ACD /* ForumTableViewCell.xib in Resources */ = {isa = PBXBuildFile; fileRef = 13BE566C1ABA574700379ACD /* ForumTableViewCell.xib */; };
		13BE56721ABA6F0E00379ACD /* UIViewController+Create.m in Sources */ = {isa = PBXBuildFile; fileRef = 13BE56711ABA6F0E00379ACD /* UIViewController+Create.m */; };
		13BE56761ABA6F4700379ACD /* LoginNavigationController.m in Sources */ = {isa = PBXBuildFile; fileRef = 13BE56751ABA6F4700379ACD /* LoginNavigationController.m */; };
		13BE567A1ABA6FD800379ACD /* Login.storyboard in Resources */ = {isa = PBXBuildFile; fileRef = 13BE56791ABA6FD800379ACD /* Login.storyboard */; };
		13BE567F1ABA70D800379ACD /* UIStoryboard+Addition.m in Sources */ = {isa = PBXBuildFile; fileRef = 13BE567E1ABA70D800379ACD /* UIStoryboard+Addition.m */; };
		13BE56821ABA7F3D00379ACD /* LoginViewController.m in Sources */ = {isa = PBXBuildFile; fileRef = 13BE56811ABA7F3D00379ACD /* LoginViewController.m */; };
		13C58BDF1AB9550600090157 /* main.m in Sources */ = {isa = PBXBuildFile; fileRef = 13C58BDE1AB9550600090157 /* main.m */; };
		13C58BE21AB9550600090157 /* AppDelegate.m in Sources */ = {isa = PBXBuildFile; fileRef = 13C58BE11AB9550600090157 /* AppDelegate.m */; };
		13C58BE51AB9550600090157 /* ViewController.m in Sources */ = {isa = PBXBuildFile; fileRef = 13C58BE41AB9550600090157 /* ViewController.m */; };
		13C58BE81AB9550600090157 /* Main.storyboard in Resources */ = {isa = PBXBuildFile; fileRef = 13C58BE61AB9550600090157 /* Main.storyboard */; };
		13C58BEA1AB9550600090157 /* Images.xcassets in Resources */ = {isa = PBXBuildFile; fileRef = 13C58BE91AB9550600090157 /* Images.xcassets */; };
		13C58BED1AB9550600090157 /* LaunchScreen.xib in Resources */ = {isa = PBXBuildFile; fileRef = 13C58BEB1AB9550600090157 /* LaunchScreen.xib */; };
		13C58BF91AB9550700090157 /* communityiOSTests.m in Sources */ = {isa = PBXBuildFile; fileRef = 13C58BF81AB9550700090157 /* communityiOSTests.m */; };
		A0C7F1071ABBF18100EAD25A /* Post.storyboard in Resources */ = {isa = PBXBuildFile; fileRef = A0C7F1061ABBF18100EAD25A /* Post.storyboard */; };
		A0DD190F1ABB1BF300E34E8C /* PostListViewController.m in Sources */ = {isa = PBXBuildFile; fileRef = A0DD190E1ABB1BF300E34E8C /* PostListViewController.m */; };
		A0DD19131ABB1E8F00E34E8C /* PostTableViewCell.m in Sources */ = {isa = PBXBuildFile; fileRef = A0DD19111ABB1E8F00E34E8C /* PostTableViewCell.m */; };
		A0DD19141ABB1E8F00E34E8C /* PostTableViewCell.xib in Resources */ = {isa = PBXBuildFile; fileRef = A0DD19121ABB1E8F00E34E8C /* PostTableViewCell.xib */; };
		F2C08D8A5D78D26F9DB7CA8F /* libPods.a in Frameworks */ = {isa = PBXBuildFile; fileRef = 265117CBD0FCA383D4E565E6 /* libPods.a */; };
/* End PBXBuildFile section */

/* Begin PBXContainerItemProxy section */
		13C58BF31AB9550700090157 /* PBXContainerItemProxy */ = {
			isa = PBXContainerItemProxy;
			containerPortal = 13C58BD11AB9550600090157 /* Project object */;
			proxyType = 1;
			remoteGlobalIDString = 13C58BD81AB9550600090157;
			remoteInfo = communityiOS;
		};
/* End PBXContainerItemProxy section */

/* Begin PBXFileReference section */
		13B1C2B41ACA58B5005C179C /* APIClient.m */ = {isa = PBXFileReference; fileEncoding = 4; lastKnownFileType = sourcecode.c.objc; path = APIClient.m; sourceTree = "<group>"; };
		13B1C2B51ACA58B5005C179C /* APIClient.h */ = {isa = PBXFileReference; fileEncoding = 4; lastKnownFileType = sourcecode.c.h; path = APIClient.h; sourceTree = "<group>"; };
		13B1C2B71ACA58C4005C179C /* xxItem.h */ = {isa = PBXFileReference; fileEncoding = 4; lastKnownFileType = sourcecode.c.h; path = xxItem.h; sourceTree = "<group>"; };
		13B1C2B81ACA58C4005C179C /* xxItem.m */ = {isa = PBXFileReference; fileEncoding = 4; lastKnownFileType = sourcecode.c.objc; path = xxItem.m; sourceTree = "<group>"; };
		13B1C2BA1ACA5956005C179C /* demo.xcassets */ = {isa = PBXFileReference; lastKnownFileType = folder.assetcatalog; path = demo.xcassets; sourceTree = "<group>"; };
		13B1C2BC1ACA5A27005C179C /* KZPropertyMapper.h */ = {isa = PBXFileReference; fileEncoding = 4; lastKnownFileType = sourcecode.c.h; path = KZPropertyMapper.h; sourceTree = "<group>"; };
		13B1C2BD1ACA5A27005C179C /* KZPropertyMapper.m */ = {isa = PBXFileReference; fileEncoding = 4; lastKnownFileType = sourcecode.c.objc; path = KZPropertyMapper.m; sourceTree = "<group>"; };
		13B1C2BF1ACA5B11005C179C /* APIAddress.h */ = {isa = PBXFileReference; lastKnownFileType = sourcecode.c.h; path = APIAddress.h; sourceTree = "<group>"; };
		13B1C2C41ACA6292005C179C /* UserCenterUnlogged.storyboard */ = {isa = PBXFileReference; fileEncoding = 4; lastKnownFileType = file.storyboard; path = UserCenterUnlogged.storyboard; sourceTree = "<group>"; };
		13B1C2C71ACA690E005C179C /* UserCenterUnloggedViewController.h */ = {isa = PBXFileReference; fileEncoding = 4; lastKnownFileType = sourcecode.c.h; path = UserCenterUnloggedViewController.h; sourceTree = "<group>"; };
		13B1C2C81ACA690E005C179C /* UserCenterUnloggedViewController.m */ = {isa = PBXFileReference; fileEncoding = 4; lastKnownFileType = sourcecode.c.objc; path = UserCenterUnloggedViewController.m; sourceTree = "<group>"; };
		13B1C2CA1ACA6E7C005C179C /* userCenter.xcassets */ = {isa = PBXFileReference; lastKnownFileType = folder.assetcatalog; path = userCenter.xcassets; sourceTree = "<group>"; };
		13B1C2CE1ACB7DC5005C179C /* AMPActivityIndicator.h */ = {isa = PBXFileReference; fileEncoding = 4; lastKnownFileType = sourcecode.c.h; path = AMPActivityIndicator.h; sourceTree = "<group>"; };
		13B1C2CF1ACB7DC5005C179C /* AMPActivityIndicator.m */ = {isa = PBXFileReference; fileEncoding = 4; lastKnownFileType = sourcecode.c.objc; path = AMPActivityIndicator.m; sourceTree = "<group>"; };
		13B1C2D01ACB7DC5005C179C /* MJRefresh.bundle */ = {isa = PBXFileReference; lastKnownFileType = "wrapper.plug-in"; path = MJRefresh.bundle; sourceTree = "<group>"; };
		13B1C2D11ACB7DC5005C179C /* MJRefresh.h */ = {isa = PBXFileReference; fileEncoding = 4; lastKnownFileType = sourcecode.c.h; path = MJRefresh.h; sourceTree = "<group>"; };
		13B1C2D21ACB7DC5005C179C /* MJRefreshBaseView+CustomActivityIndicator.h */ = {isa = PBXFileReference; fileEncoding = 4; lastKnownFileType = sourcecode.c.h; path = "MJRefreshBaseView+CustomActivityIndicator.h"; sourceTree = "<group>"; };
		13B1C2D31ACB7DC5005C179C /* MJRefreshBaseView+CustomActivityIndicator.m */ = {isa = PBXFileReference; fileEncoding = 4; lastKnownFileType = sourcecode.c.objc; path = "MJRefreshBaseView+CustomActivityIndicator.m"; sourceTree = "<group>"; };
		13B1C2D41ACB7DC5005C179C /* MJRefreshBaseView.h */ = {isa = PBXFileReference; fileEncoding = 4; lastKnownFileType = sourcecode.c.h; path = MJRefreshBaseView.h; sourceTree = "<group>"; };
		13B1C2D51ACB7DC5005C179C /* MJRefreshBaseView.m */ = {isa = PBXFileReference; fileEncoding = 4; lastKnownFileType = sourcecode.c.objc; path = MJRefreshBaseView.m; sourceTree = "<group>"; };
		13B1C2D61ACB7DC5005C179C /* MJRefreshConst.h */ = {isa = PBXFileReference; fileEncoding = 4; lastKnownFileType = sourcecode.c.h; path = MJRefreshConst.h; sourceTree = "<group>"; };
		13B1C2D71ACB7DC5005C179C /* MJRefreshConst.m */ = {isa = PBXFileReference; fileEncoding = 4; lastKnownFileType = sourcecode.c.objc; path = MJRefreshConst.m; sourceTree = "<group>"; };
		13B1C2D81ACB7DC5005C179C /* MJRefreshFooterView.h */ = {isa = PBXFileReference; fileEncoding = 4; lastKnownFileType = sourcecode.c.h; path = MJRefreshFooterView.h; sourceTree = "<group>"; };
		13B1C2D91ACB7DC5005C179C /* MJRefreshFooterView.m */ = {isa = PBXFileReference; fileEncoding = 4; lastKnownFileType = sourcecode.c.objc; path = MJRefreshFooterView.m; sourceTree = "<group>"; };
		13B1C2DA1ACB7DC5005C179C /* MJRefreshHeaderView.h */ = {isa = PBXFileReference; fileEncoding = 4; lastKnownFileType = sourcecode.c.h; path = MJRefreshHeaderView.h; sourceTree = "<group>"; };
		13B1C2DB1ACB7DC5005C179C /* MJRefreshHeaderView.m */ = {isa = PBXFileReference; fileEncoding = 4; lastKnownFileType = sourcecode.c.objc; path = MJRefreshHeaderView.m; sourceTree = "<group>"; };
		13B1C2DC1ACB7DC5005C179C /* UIScrollView+MJExtension.h */ = {isa = PBXFileReference; fileEncoding = 4; lastKnownFileType = sourcecode.c.h; path = "UIScrollView+MJExtension.h"; sourceTree = "<group>"; };
		13B1C2DD1ACB7DC5005C179C /* UIScrollView+MJExtension.m */ = {isa = PBXFileReference; fileEncoding = 4; lastKnownFileType = sourcecode.c.objc; path = "UIScrollView+MJExtension.m"; sourceTree = "<group>"; };
		13B1C2DE1ACB7DC5005C179C /* UIScrollView+MJRefresh.h */ = {isa = PBXFileReference; fileEncoding = 4; lastKnownFileType = sourcecode.c.h; path = "UIScrollView+MJRefresh.h"; sourceTree = "<group>"; };
		13B1C2DF1ACB7DC5005C179C /* UIScrollView+MJRefresh.m */ = {isa = PBXFileReference; fileEncoding = 4; lastKnownFileType = sourcecode.c.objc; path = "UIScrollView+MJRefresh.m"; sourceTree = "<group>"; };
		13B1C2E01ACB7DC5005C179C /* UIView+MJExtension.h */ = {isa = PBXFileReference; fileEncoding = 4; lastKnownFileType = sourcecode.c.h; path = "UIView+MJExtension.h"; sourceTree = "<group>"; };
		13B1C2E11ACB7DC5005C179C /* UIView+MJExtension.m */ = {isa = PBXFileReference; fileEncoding = 4; lastKnownFileType = sourcecode.c.objc; path = "UIView+MJExtension.m"; sourceTree = "<group>"; };
		13B1C2EC1ACB8994005C179C /* RegistViewController.h */ = {isa = PBXFileReference; fileEncoding = 4; lastKnownFileType = sourcecode.c.h; path = RegistViewController.h; sourceTree = "<group>"; };
		13B1C2ED1ACB8994005C179C /* RegistViewController.m */ = {isa = PBXFileReference; fileEncoding = 4; lastKnownFileType = sourcecode.c.objc; path = RegistViewController.m; sourceTree = "<group>"; };
		13B1C2F71ACB9BF6005C179C /* UserCenterLoggedViewController.h */ = {isa = PBXFileReference; fileEncoding = 4; lastKnownFileType = sourcecode.c.h; path = UserCenterLoggedViewController.h; sourceTree = "<group>"; };
		13B1C2F81ACB9BF6005C179C /* UserCenterLoggedViewController.m */ = {isa = PBXFileReference; fileEncoding = 4; lastKnownFileType = sourcecode.c.objc; path = UserCenterLoggedViewController.m; sourceTree = "<group>"; };
		13B1C2FA1ACB9C16005C179C /* UserCenterLogged.storyboard */ = {isa = PBXFileReference; fileEncoding = 4; lastKnownFileType = file.storyboard; path = UserCenterLogged.storyboard; sourceTree = "<group>"; };
		13B1C2FD1ACBB56B005C179C /* Settings.storyboard */ = {isa = PBXFileReference; fileEncoding = 4; lastKnownFileType = file.storyboard; path = Settings.storyboard; sourceTree = "<group>"; };
		13B1C2FF1ACBBED2005C179C /* SettingsViewController.h */ = {isa = PBXFileReference; fileEncoding = 4; lastKnownFileType = sourcecode.c.h; path = SettingsViewController.h; sourceTree = "<group>"; };
		13B1C3001ACBBED2005C179C /* SettingsViewController.m */ = {isa = PBXFileReference; fileEncoding = 4; lastKnownFileType = sourcecode.c.objc; path = SettingsViewController.m; sourceTree = "<group>"; };
		13B1C3031ACCDA92005C179C /* DemoViewController.h */ = {isa = PBXFileReference; fileEncoding = 4; lastKnownFileType = sourcecode.c.h; path = DemoViewController.h; sourceTree = "<group>"; };
		13B1C3041ACCDA92005C179C /* DemoViewController.m */ = {isa = PBXFileReference; fileEncoding = 4; lastKnownFileType = sourcecode.c.objc; path = DemoViewController.m; sourceTree = "<group>"; };
		13B1C3051ACCDA92005C179C /* DemoViewController.xib */ = {isa = PBXFileReference; fileEncoding = 4; lastKnownFileType = file.xib; path = DemoViewController.xib; sourceTree = "<group>"; };
		13B1C3081ACCFE98005C179C /* GGAddressPickerHelper.h */ = {isa = PBXFileReference; fileEncoding = 4; lastKnownFileType = sourcecode.c.h; path = GGAddressPickerHelper.h; sourceTree = "<group>"; };
		13B1C3091ACCFE98005C179C /* GGAddressPickerHelper.m */ = {isa = PBXFileReference; fileEncoding = 4; lastKnownFileType = sourcecode.c.objc; path = GGAddressPickerHelper.m; sourceTree = "<group>"; };
		13BE566A1ABA574700379ACD /* ForumTableViewCell.h */ = {isa = PBXFileReference; fileEncoding = 4; lastKnownFileType = sourcecode.c.h; path = ForumTableViewCell.h; sourceTree = "<group>"; };
		13BE566B1ABA574700379ACD /* ForumTableViewCell.m */ = {isa = PBXFileReference; fileEncoding = 4; lastKnownFileType = sourcecode.c.objc; path = ForumTableViewCell.m; sourceTree = "<group>"; };
		13BE566C1ABA574700379ACD /* ForumTableViewCell.xib */ = {isa = PBXFileReference; fileEncoding = 4; lastKnownFileType = file.xib; path = ForumTableViewCell.xib; sourceTree = "<group>"; };
		13BE56701ABA6F0500379ACD /* UIViewController+Create.h */ = {isa = PBXFileReference; fileEncoding = 4; lastKnownFileType = sourcecode.c.h; path = "UIViewController+Create.h"; sourceTree = "<group>"; };
		13BE56711ABA6F0E00379ACD /* UIViewController+Create.m */ = {isa = PBXFileReference; fileEncoding = 4; lastKnownFileType = sourcecode.c.objc; path = "UIViewController+Create.m"; sourceTree = "<group>"; };
		13BE56741ABA6F4700379ACD /* LoginNavigationController.h */ = {isa = PBXFileReference; fileEncoding = 4; lastKnownFileType = sourcecode.c.h; path = LoginNavigationController.h; sourceTree = "<group>"; };
		13BE56751ABA6F4700379ACD /* LoginNavigationController.m */ = {isa = PBXFileReference; fileEncoding = 4; lastKnownFileType = sourcecode.c.objc; path = LoginNavigationController.m; sourceTree = "<group>"; };
		13BE56791ABA6FD800379ACD /* Login.storyboard */ = {isa = PBXFileReference; fileEncoding = 4; lastKnownFileType = file.storyboard; path = Login.storyboard; sourceTree = "<group>"; };
		13BE567D1ABA70CB00379ACD /* UIStoryboard+Addition.h */ = {isa = PBXFileReference; fileEncoding = 4; lastKnownFileType = sourcecode.c.h; path = "UIStoryboard+Addition.h"; sourceTree = "<group>"; };
		13BE567E1ABA70D800379ACD /* UIStoryboard+Addition.m */ = {isa = PBXFileReference; fileEncoding = 4; lastKnownFileType = sourcecode.c.objc; path = "UIStoryboard+Addition.m"; sourceTree = "<group>"; };
		13BE56801ABA7F3D00379ACD /* LoginViewController.h */ = {isa = PBXFileReference; fileEncoding = 4; lastKnownFileType = sourcecode.c.h; path = LoginViewController.h; sourceTree = "<group>"; };
		13BE56811ABA7F3D00379ACD /* LoginViewController.m */ = {isa = PBXFileReference; fileEncoding = 4; lastKnownFileType = sourcecode.c.objc; path = LoginViewController.m; sourceTree = "<group>"; };
		13C58BD91AB9550600090157 /* communityiOS.app */ = {isa = PBXFileReference; explicitFileType = wrapper.application; includeInIndex = 0; path = communityiOS.app; sourceTree = BUILT_PRODUCTS_DIR; };
		13C58BDD1AB9550600090157 /* Info.plist */ = {isa = PBXFileReference; lastKnownFileType = text.plist.xml; path = Info.plist; sourceTree = "<group>"; };
		13C58BDE1AB9550600090157 /* main.m */ = {isa = PBXFileReference; lastKnownFileType = sourcecode.c.objc; path = main.m; sourceTree = "<group>"; };
		13C58BE01AB9550600090157 /* AppDelegate.h */ = {isa = PBXFileReference; lastKnownFileType = sourcecode.c.h; path = AppDelegate.h; sourceTree = "<group>"; };
		13C58BE11AB9550600090157 /* AppDelegate.m */ = {isa = PBXFileReference; lastKnownFileType = sourcecode.c.objc; path = AppDelegate.m; sourceTree = "<group>"; };
		13C58BE31AB9550600090157 /* ViewController.h */ = {isa = PBXFileReference; lastKnownFileType = sourcecode.c.h; path = ViewController.h; sourceTree = "<group>"; };
		13C58BE41AB9550600090157 /* ViewController.m */ = {isa = PBXFileReference; lastKnownFileType = sourcecode.c.objc; path = ViewController.m; sourceTree = "<group>"; };
		13C58BE71AB9550600090157 /* Base */ = {isa = PBXFileReference; lastKnownFileType = file.storyboard; name = Base; path = Base.lproj/Main.storyboard; sourceTree = "<group>"; };
		13C58BE91AB9550600090157 /* Images.xcassets */ = {isa = PBXFileReference; lastKnownFileType = folder.assetcatalog; path = Images.xcassets; sourceTree = "<group>"; };
		13C58BEC1AB9550600090157 /* Base */ = {isa = PBXFileReference; lastKnownFileType = file.xib; name = Base; path = Base.lproj/LaunchScreen.xib; sourceTree = "<group>"; };
		13C58BF21AB9550700090157 /* communityiOSTests.xctest */ = {isa = PBXFileReference; explicitFileType = wrapper.cfbundle; includeInIndex = 0; path = communityiOSTests.xctest; sourceTree = BUILT_PRODUCTS_DIR; };
		13C58BF71AB9550700090157 /* Info.plist */ = {isa = PBXFileReference; lastKnownFileType = text.plist.xml; path = Info.plist; sourceTree = "<group>"; };
		13C58BF81AB9550700090157 /* communityiOSTests.m */ = {isa = PBXFileReference; lastKnownFileType = sourcecode.c.objc; path = communityiOSTests.m; sourceTree = "<group>"; };
		265117CBD0FCA383D4E565E6 /* libPods.a */ = {isa = PBXFileReference; explicitFileType = archive.ar; includeInIndex = 0; path = libPods.a; sourceTree = BUILT_PRODUCTS_DIR; };
		735E3463C69F5339C7061D88 /* Pods.release.xcconfig */ = {isa = PBXFileReference; includeInIndex = 1; lastKnownFileType = text.xcconfig; name = Pods.release.xcconfig; path = "Pods/Target Support Files/Pods/Pods.release.xcconfig"; sourceTree = "<group>"; };
		7E639B0AA95704A9F1BEA0E7 /* Pods.debug.xcconfig */ = {isa = PBXFileReference; includeInIndex = 1; lastKnownFileType = text.xcconfig; name = Pods.debug.xcconfig; path = "Pods/Target Support Files/Pods/Pods.debug.xcconfig"; sourceTree = "<group>"; };
		A0C7F1061ABBF18100EAD25A /* Post.storyboard */ = {isa = PBXFileReference; fileEncoding = 4; lastKnownFileType = file.storyboard; path = Post.storyboard; sourceTree = "<group>"; };
		A0DD190D1ABB1BF300E34E8C /* PostListViewController.h */ = {isa = PBXFileReference; fileEncoding = 4; lastKnownFileType = sourcecode.c.h; path = PostListViewController.h; sourceTree = "<group>"; };
		A0DD190E1ABB1BF300E34E8C /* PostListViewController.m */ = {isa = PBXFileReference; fileEncoding = 4; lastKnownFileType = sourcecode.c.objc; path = PostListViewController.m; sourceTree = "<group>"; };
		A0DD19101ABB1E8F00E34E8C /* PostTableViewCell.h */ = {isa = PBXFileReference; fileEncoding = 4; lastKnownFileType = sourcecode.c.h; path = PostTableViewCell.h; sourceTree = "<group>"; };
		A0DD19111ABB1E8F00E34E8C /* PostTableViewCell.m */ = {isa = PBXFileReference; fileEncoding = 4; lastKnownFileType = sourcecode.c.objc; path = PostTableViewCell.m; sourceTree = "<group>"; };
		A0DD19121ABB1E8F00E34E8C /* PostTableViewCell.xib */ = {isa = PBXFileReference; fileEncoding = 4; lastKnownFileType = file.xib; path = PostTableViewCell.xib; sourceTree = "<group>"; };
/* End PBXFileReference section */

/* Begin PBXFrameworksBuildPhase section */
		13C58BD61AB9550600090157 /* Frameworks */ = {
			isa = PBXFrameworksBuildPhase;
			buildActionMask = 2147483647;
			files = (
				F2C08D8A5D78D26F9DB7CA8F /* libPods.a in Frameworks */,
			);
			runOnlyForDeploymentPostprocessing = 0;
		};
		13C58BEF1AB9550700090157 /* Frameworks */ = {
			isa = PBXFrameworksBuildPhase;
			buildActionMask = 2147483647;
			files = (
			);
			runOnlyForDeploymentPostprocessing = 0;
		};
/* End PBXFrameworksBuildPhase section */

/* Begin PBXGroup section */
		13B1C2A51ACA4A93005C179C /* app */ = {
			isa = PBXGroup;
			children = (
				13B1C2A71ACA4AAF005C179C /* models */,
				13B1C2A91ACA4ACB005C179C /* views */,
				13B1C2A61ACA4AA1005C179C /* controllers */,
				13B1C2A81ACA4ABB005C179C /* modules */,
			);
			name = app;
			sourceTree = "<group>";
		};
		13B1C2A61ACA4AA1005C179C /* controllers */ = {
			isa = PBXGroup;
			children = (
				13B1C3021ACCDA61005C179C /* demo */,
				13B1C2FC1ACBB527005C179C /* settings */,
				13B1C2AC1ACA4BC4005C179C /* main */,
				13B1C2C01ACA5FD8005C179C /* userCenter */,
				A0DD190C1ABB1B2B00E34E8C /* post */,
				13BE56731ABA6F2700379ACD /* login */,
			);
			name = controllers;
			sourceTree = "<group>";
		};
		13B1C2A71ACA4AAF005C179C /* models */ = {
			isa = PBXGroup;
			children = (
				13B1C2B11ACA5885005C179C /* API */,
				13B1C2B21ACA588F005C179C /* DB */,
			);
			name = models;
			sourceTree = "<group>";
		};
		13B1C2A81ACA4ABB005C179C /* modules */ = {
			isa = PBXGroup;
			children = (
				13B1C3081ACCFE98005C179C /* GGAddressPickerHelper.h */,
				13B1C3091ACCFE98005C179C /* GGAddressPickerHelper.m */,
				13B1C2CC1ACB7DC5005C179C /* MJRefresh */,
				13B1C2BC1ACA5A27005C179C /* KZPropertyMapper.h */,
				13B1C2BD1ACA5A27005C179C /* KZPropertyMapper.m */,
				13B1C2B41ACA58B5005C179C /* APIClient.m */,
				13B1C2B51ACA58B5005C179C /* APIClient.h */,
			);
			name = modules;
			sourceTree = "<group>";
		};
		13B1C2A91ACA4ACB005C179C /* views */ = {
			isa = PBXGroup;
			children = (
				13B1C2AB1ACA4B26005C179C /* cells */,
			);
			name = views;
			sourceTree = "<group>";
		};
		13B1C2AB1ACA4B26005C179C /* cells */ = {
			isa = PBXGroup;
			children = (
				A0DD19101ABB1E8F00E34E8C /* PostTableViewCell.h */,
				A0DD19111ABB1E8F00E34E8C /* PostTableViewCell.m */,
				A0DD19121ABB1E8F00E34E8C /* PostTableViewCell.xib */,
				13BE566A1ABA574700379ACD /* ForumTableViewCell.h */,
				13BE566B1ABA574700379ACD /* ForumTableViewCell.m */,
				13BE566C1ABA574700379ACD /* ForumTableViewCell.xib */,
			);
			name = cells;
			sourceTree = "<group>";
		};
		13B1C2AC1ACA4BC4005C179C /* main */ = {
			isa = PBXGroup;
			children = (
				13C58BE01AB9550600090157 /* AppDelegate.h */,
				13C58BE11AB9550600090157 /* AppDelegate.m */,
				13C58BE31AB9550600090157 /* ViewController.h */,
				13C58BE41AB9550600090157 /* ViewController.m */,
				13C58BE61AB9550600090157 /* Main.storyboard */,
				13C58BEB1AB9550600090157 /* LaunchScreen.xib */,
			);
			name = main;
			sourceTree = "<group>";
		};
		13B1C2AD1ACA57C2005C179C /* config */ = {
			isa = PBXGroup;
			children = (
				13B1C2BF1ACA5B11005C179C /* APIAddress.h */,
			);
			name = config;
			sourceTree = "<group>";
		};
		13B1C2AE1ACA57DE005C179C /* ext */ = {
			isa = PBXGroup;
			children = (
				13BE567D1ABA70CB00379ACD /* UIStoryboard+Addition.h */,
				13BE567E1ABA70D800379ACD /* UIStoryboard+Addition.m */,
				13BE56711ABA6F0E00379ACD /* UIViewController+Create.m */,
				13BE56701ABA6F0500379ACD /* UIViewController+Create.h */,
			);
			name = ext;
			sourceTree = "<group>";
		};
		13B1C2AF1ACA57FD005C179C /* resource */ = {
			isa = PBXGroup;
			children = (
				13C58BE91AB9550600090157 /* Images.xcassets */,
				13B1C2BA1ACA5956005C179C /* demo.xcassets */,
				13B1C2CA1ACA6E7C005C179C /* userCenter.xcassets */,
			);
			name = resource;
			sourceTree = "<group>";
		};
		13B1C2B01ACA5833005C179C /* vendor */ = {
			isa = PBXGroup;
			children = (
			);
			name = vendor;
			sourceTree = "<group>";
		};
		13B1C2B11ACA5885005C179C /* API */ = {
			isa = PBXGroup;
			children = (
				13B1C2B31ACA5899005C179C /* demo */,
			);
			name = API;
			sourceTree = "<group>";
		};
		13B1C2B21ACA588F005C179C /* DB */ = {
			isa = PBXGroup;
			children = (
			);
			name = DB;
			sourceTree = "<group>";
		};
		13B1C2B31ACA5899005C179C /* demo */ = {
			isa = PBXGroup;
			children = (
				13B1C2B71ACA58C4005C179C /* xxItem.h */,
				13B1C2B81ACA58C4005C179C /* xxItem.m */,
			);
			name = demo;
			sourceTree = "<group>";
		};
		13B1C2C01ACA5FD8005C179C /* userCenter */ = {
			isa = PBXGroup;
			children = (
				13B1C2C21ACA6245005C179C /* userCenterUnlogged */,
				13B1C2C11ACA6220005C179C /* userCenterLogged */,
			);
			name = userCenter;
			sourceTree = "<group>";
		};
		13B1C2C11ACA6220005C179C /* userCenterLogged */ = {
			isa = PBXGroup;
			children = (
				13B1C2FA1ACB9C16005C179C /* UserCenterLogged.storyboard */,
				13B1C2F71ACB9BF6005C179C /* UserCenterLoggedViewController.h */,
				13B1C2F81ACB9BF6005C179C /* UserCenterLoggedViewController.m */,
			);
			name = userCenterLogged;
			sourceTree = "<group>";
		};
		13B1C2C21ACA6245005C179C /* userCenterUnlogged */ = {
			isa = PBXGroup;
			children = (
				13B1C2C41ACA6292005C179C /* UserCenterUnlogged.storyboard */,
				13B1C2C71ACA690E005C179C /* UserCenterUnloggedViewController.h */,
				13B1C2C81ACA690E005C179C /* UserCenterUnloggedViewController.m */,
			);
			name = userCenterUnlogged;
			sourceTree = "<group>";
		};
		13B1C2CC1ACB7DC5005C179C /* MJRefresh */ = {
			isa = PBXGroup;
			children = (
				13B1C2CD1ACB7DC5005C179C /* Indicator */,
				13B1C2D01ACB7DC5005C179C /* MJRefresh.bundle */,
				13B1C2D11ACB7DC5005C179C /* MJRefresh.h */,
				13B1C2D21ACB7DC5005C179C /* MJRefreshBaseView+CustomActivityIndicator.h */,
				13B1C2D31ACB7DC5005C179C /* MJRefreshBaseView+CustomActivityIndicator.m */,
				13B1C2D41ACB7DC5005C179C /* MJRefreshBaseView.h */,
				13B1C2D51ACB7DC5005C179C /* MJRefreshBaseView.m */,
				13B1C2D61ACB7DC5005C179C /* MJRefreshConst.h */,
				13B1C2D71ACB7DC5005C179C /* MJRefreshConst.m */,
				13B1C2D81ACB7DC5005C179C /* MJRefreshFooterView.h */,
				13B1C2D91ACB7DC5005C179C /* MJRefreshFooterView.m */,
				13B1C2DA1ACB7DC5005C179C /* MJRefreshHeaderView.h */,
				13B1C2DB1ACB7DC5005C179C /* MJRefreshHeaderView.m */,
				13B1C2DC1ACB7DC5005C179C /* UIScrollView+MJExtension.h */,
				13B1C2DD1ACB7DC5005C179C /* UIScrollView+MJExtension.m */,
				13B1C2DE1ACB7DC5005C179C /* UIScrollView+MJRefresh.h */,
				13B1C2DF1ACB7DC5005C179C /* UIScrollView+MJRefresh.m */,
				13B1C2E01ACB7DC5005C179C /* UIView+MJExtension.h */,
				13B1C2E11ACB7DC5005C179C /* UIView+MJExtension.m */,
			);
			path = MJRefresh;
			sourceTree = "<group>";
		};
		13B1C2CD1ACB7DC5005C179C /* Indicator */ = {
			isa = PBXGroup;
			children = (
				13B1C2CE1ACB7DC5005C179C /* AMPActivityIndicator.h */,
				13B1C2CF1ACB7DC5005C179C /* AMPActivityIndicator.m */,
			);
			path = Indicator;
			sourceTree = "<group>";
		};
		13B1C2FC1ACBB527005C179C /* settings */ = {
			isa = PBXGroup;
			children = (
				13B1C2FD1ACBB56B005C179C /* Settings.storyboard */,
				13B1C2FF1ACBBED2005C179C /* SettingsViewController.h */,
				13B1C3001ACBBED2005C179C /* SettingsViewController.m */,
			);
			name = settings;
			sourceTree = "<group>";
		};
		13B1C3021ACCDA61005C179C /* demo */ = {
			isa = PBXGroup;
			children = (
				13B1C3031ACCDA92005C179C /* DemoViewController.h */,
				13B1C3041ACCDA92005C179C /* DemoViewController.m */,
				13B1C3051ACCDA92005C179C /* DemoViewController.xib */,
			);
			name = demo;
			sourceTree = "<group>";
		};
		13BE56731ABA6F2700379ACD /* login */ = {
			isa = PBXGroup;
			children = (
				13BE56741ABA6F4700379ACD /* LoginNavigationController.h */,
				13BE56751ABA6F4700379ACD /* LoginNavigationController.m */,
				13BE56791ABA6FD800379ACD /* Login.storyboard */,
				13BE56801ABA7F3D00379ACD /* LoginViewController.h */,
				13BE56811ABA7F3D00379ACD /* LoginViewController.m */,
				13B1C2EC1ACB8994005C179C /* RegistViewController.h */,
				13B1C2ED1ACB8994005C179C /* RegistViewController.m */,
			);
			name = login;
			sourceTree = "<group>";
		};
		13C58BD01AB9550600090157 = {
			isa = PBXGroup;
			children = (
				13C58BDB1AB9550600090157 /* communityiOS */,
				13C58BF51AB9550700090157 /* communityiOSTests */,
				13C58BDA1AB9550600090157 /* Products */,
				D2942A90B6A3E70BCFA9FEF7 /* Pods */,
				9995B5493DF95E776F0C00A9 /* Frameworks */,
			);
			sourceTree = "<group>";
		};
		13C58BDA1AB9550600090157 /* Products */ = {
			isa = PBXGroup;
			children = (
				13C58BD91AB9550600090157 /* communityiOS.app */,
				13C58BF21AB9550700090157 /* communityiOSTests.xctest */,
			);
			name = Products;
			sourceTree = "<group>";
		};
		13C58BDB1AB9550600090157 /* communityiOS */ = {
			isa = PBXGroup;
			children = (
				13B1C2A51ACA4A93005C179C /* app */,
				13B1C2B01ACA5833005C179C /* vendor */,
				13B1C2AF1ACA57FD005C179C /* resource */,
				13B1C2AE1ACA57DE005C179C /* ext */,
				13B1C2AD1ACA57C2005C179C /* config */,
				13C58BDC1AB9550600090157 /* Supporting Files */,
			);
			path = communityiOS;
			sourceTree = "<group>";
		};
		13C58BDC1AB9550600090157 /* Supporting Files */ = {
			isa = PBXGroup;
			children = (
				13C58BDD1AB9550600090157 /* Info.plist */,
				13C58BDE1AB9550600090157 /* main.m */,
			);
			name = "Supporting Files";
			sourceTree = "<group>";
		};
		13C58BF51AB9550700090157 /* communityiOSTests */ = {
			isa = PBXGroup;
			children = (
				13C58BF81AB9550700090157 /* communityiOSTests.m */,
				13C58BF61AB9550700090157 /* Supporting Files */,
			);
			path = communityiOSTests;
			sourceTree = "<group>";
		};
		13C58BF61AB9550700090157 /* Supporting Files */ = {
			isa = PBXGroup;
			children = (
				13C58BF71AB9550700090157 /* Info.plist */,
			);
			name = "Supporting Files";
			sourceTree = "<group>";
		};
		9995B5493DF95E776F0C00A9 /* Frameworks */ = {
			isa = PBXGroup;
			children = (
				265117CBD0FCA383D4E565E6 /* libPods.a */,
			);
			name = Frameworks;
			sourceTree = "<group>";
		};
		A0DD190C1ABB1B2B00E34E8C /* post */ = {
			isa = PBXGroup;
			children = (
				A0DD190D1ABB1BF300E34E8C /* PostListViewController.h */,
				A0DD190E1ABB1BF300E34E8C /* PostListViewController.m */,
				A0C7F1061ABBF18100EAD25A /* Post.storyboard */,
			);
			name = post;
			sourceTree = "<group>";
		};
		D2942A90B6A3E70BCFA9FEF7 /* Pods */ = {
			isa = PBXGroup;
			children = (
				7E639B0AA95704A9F1BEA0E7 /* Pods.debug.xcconfig */,
				735E3463C69F5339C7061D88 /* Pods.release.xcconfig */,
			);
			name = Pods;
			sourceTree = "<group>";
		};
/* End PBXGroup section */

/* Begin PBXNativeTarget section */
		13C58BD81AB9550600090157 /* communityiOS */ = {
			isa = PBXNativeTarget;
			buildConfigurationList = 13C58BFC1AB9550700090157 /* Build configuration list for PBXNativeTarget "communityiOS" */;
			buildPhases = (
				6A549DD0EB25CB83EDC82EE4 /* Check Pods Manifest.lock */,
				13C58BD51AB9550600090157 /* Sources */,
				13C58BD61AB9550600090157 /* Frameworks */,
				13C58BD71AB9550600090157 /* Resources */,
				8B1477973021992FD48097B3 /* Copy Pods Resources */,
			);
			buildRules = (
			);
			dependencies = (
			);
			name = communityiOS;
			productName = communityiOS;
			productReference = 13C58BD91AB9550600090157 /* communityiOS.app */;
			productType = "com.apple.product-type.application";
		};
		13C58BF11AB9550700090157 /* communityiOSTests */ = {
			isa = PBXNativeTarget;
			buildConfigurationList = 13C58BFF1AB9550700090157 /* Build configuration list for PBXNativeTarget "communityiOSTests" */;
			buildPhases = (
				13C58BEE1AB9550700090157 /* Sources */,
				13C58BEF1AB9550700090157 /* Frameworks */,
				13C58BF01AB9550700090157 /* Resources */,
			);
			buildRules = (
			);
			dependencies = (
				13C58BF41AB9550700090157 /* PBXTargetDependency */,
			);
			name = communityiOSTests;
			productName = communityiOSTests;
			productReference = 13C58BF21AB9550700090157 /* communityiOSTests.xctest */;
			productType = "com.apple.product-type.bundle.unit-test";
		};
/* End PBXNativeTarget section */

/* Begin PBXProject section */
		13C58BD11AB9550600090157 /* Project object */ = {
			isa = PBXProject;
			attributes = {
				LastUpgradeCheck = 0620;
				ORGANIZATIONNAME = "&#20309;&#33538;&#39336;";
				TargetAttributes = {
					13C58BD81AB9550600090157 = {
						CreatedOnToolsVersion = 6.2;
					};
					13C58BF11AB9550700090157 = {
						CreatedOnToolsVersion = 6.2;
						TestTargetID = 13C58BD81AB9550600090157;
					};
				};
			};
			buildConfigurationList = 13C58BD41AB9550600090157 /* Build configuration list for PBXProject "communityiOS" */;
			compatibilityVersion = "Xcode 3.2";
			developmentRegion = English;
			hasScannedForEncodings = 0;
			knownRegions = (
				en,
				Base,
			);
			mainGroup = 13C58BD01AB9550600090157;
			productRefGroup = 13C58BDA1AB9550600090157 /* Products */;
			projectDirPath = "";
			projectRoot = "";
			targets = (
				13C58BD81AB9550600090157 /* communityiOS */,
				13C58BF11AB9550700090157 /* communityiOSTests */,
			);
		};
/* End PBXProject section */

/* Begin PBXResourcesBuildPhase section */
		13C58BD71AB9550600090157 /* Resources */ = {
			isa = PBXResourcesBuildPhase;
			buildActionMask = 2147483647;
			files = (
				13B1C2FB1ACB9C16005C179C /* UserCenterLogged.storyboard in Resources */,
				A0C7F1071ABBF18100EAD25A /* Post.storyboard in Resources */,
				13C58BE81AB9550600090157 /* Main.storyboard in Resources */,
				13C58BED1AB9550600090157 /* LaunchScreen.xib in Resources */,
				13C58BEA1AB9550600090157 /* Images.xcassets in Resources */,
				A0DD19141ABB1E8F00E34E8C /* PostTableViewCell.xib in Resources */,
				13BE567A1ABA6FD800379ACD /* Login.storyboard in Resources */,
				13B1C3071ACCDA92005C179C /* DemoViewController.xib in Resources */,
				13B1C2C51ACA6292005C179C /* UserCenterUnlogged.storyboard in Resources */,
				13B1C2E31ACB7DC5005C179C /* MJRefresh.bundle in Resources */,
				13B1C2CB1ACA6E7C005C179C /* userCenter.xcassets in Resources */,
				13B1C2BB1ACA5956005C179C /* demo.xcassets in Resources */,
				13B1C2FE1ACBB56B005C179C /* Settings.storyboard in Resources */,
				13BE566E1ABA574700379ACD /* ForumTableViewCell.xib in Resources */,
			);
			runOnlyForDeploymentPostprocessing = 0;
		};
		13C58BF01AB9550700090157 /* Resources */ = {
			isa = PBXResourcesBuildPhase;
			buildActionMask = 2147483647;
			files = (
			);
			runOnlyForDeploymentPostprocessing = 0;
		};
/* End PBXResourcesBuildPhase section */

/* Begin PBXShellScriptBuildPhase section */
		6A549DD0EB25CB83EDC82EE4 /* Check Pods Manifest.lock */ = {
			isa = PBXShellScriptBuildPhase;
			buildActionMask = 2147483647;
			files = (
			);
			inputPaths = (
			);
			name = "Check Pods Manifest.lock";
			outputPaths = (
			);
			runOnlyForDeploymentPostprocessing = 0;
			shellPath = /bin/sh;
			shellScript = "diff \"${PODS_ROOT}/../Podfile.lock\" \"${PODS_ROOT}/Manifest.lock\" > /dev/null\nif [[ $? != 0 ]] ; then\n    cat << EOM\nerror: The sandbox is not in sync with the Podfile.lock. Run 'pod install' or update your CocoaPods installation.\nEOM\n    exit 1\nfi\n";
			showEnvVarsInLog = 0;
		};
		8B1477973021992FD48097B3 /* Copy Pods Resources */ = {
			isa = PBXShellScriptBuildPhase;
			buildActionMask = 2147483647;
			files = (
			);
			inputPaths = (
			);
			name = "Copy Pods Resources";
			outputPaths = (
			);
			runOnlyForDeploymentPostprocessing = 0;
			shellPath = /bin/sh;
			shellScript = "\"${SRCROOT}/Pods/Target Support Files/Pods/Pods-resources.sh\"\n";
			showEnvVarsInLog = 0;
		};
/* End PBXShellScriptBuildPhase section */

/* Begin PBXSourcesBuildPhase section */
		13C58BD51AB9550600090157 /* Sources */ = {
			isa = PBXSourcesBuildPhase;
			buildActionMask = 2147483647;
			files = (
				13BE56821ABA7F3D00379ACD /* LoginViewController.m in Sources */,
				13B1C2BE1ACA5A27005C179C /* KZPropertyMapper.m in Sources */,
				13B1C2E41ACB7DC5005C179C /* MJRefreshBaseView+CustomActivityIndicator.m in Sources */,
				13B1C2EB1ACB7DC5005C179C /* UIView+MJExtension.m in Sources */,
				13BE567F1ABA70D800379ACD /* UIStoryboard+Addition.m in Sources */,
				13B1C2E71ACB7DC5005C179C /* MJRefreshFooterView.m in Sources */,
				13B1C3061ACCDA92005C179C /* DemoViewController.m in Sources */,
				13B1C2C91ACA690E005C179C /* UserCenterUnloggedViewController.m in Sources */,
				13B1C30A1ACCFE98005C179C /* GGAddressPickerHelper.m in Sources */,
				13B1C2E81ACB7DC5005C179C /* MJRefreshHeaderView.m in Sources */,
				13B1C2B91ACA58C4005C179C /* xxItem.m in Sources */,
				13B1C2F91ACB9BF6005C179C /* UserCenterLoggedViewController.m in Sources */,
				13BE56721ABA6F0E00379ACD /* UIViewController+Create.m in Sources */,
				13B1C2E91ACB7DC5005C179C /* UIScrollView+MJExtension.m in Sources */,
				13C58BE51AB9550600090157 /* ViewController.m in Sources */,
				13BE56761ABA6F4700379ACD /* LoginNavigationController.m in Sources */,
				13B1C2EA1ACB7DC5005C179C /* UIScrollView+MJRefresh.m in Sources */,
				13B1C2EE1ACB8994005C179C /* RegistViewController.m in Sources */,
				13B1C2B61ACA58B5005C179C /* APIClient.m in Sources */,
				13C58BE21AB9550600090157 /* AppDelegate.m in Sources */,
				13B1C2E51ACB7DC5005C179C /* MJRefreshBaseView.m in Sources */,
				13C58BDF1AB9550600090157 /* main.m in Sources */,
				13BE566D1ABA574700379ACD /* ForumTableViewCell.m in Sources */,
				13B1C2E61ACB7DC5005C179C /* MJRefreshConst.m in Sources */,
				A0DD190F1ABB1BF300E34E8C /* PostListViewController.m in Sources */,
				A0DD19131ABB1E8F00E34E8C /* PostTableViewCell.m in Sources */,
				13B1C2E21ACB7DC5005C179C /* AMPActivityIndicator.m in Sources */,
				13B1C3011ACBBED2005C179C /* SettingsViewController.m in Sources */,
			);
			runOnlyForDeploymentPostprocessing = 0;
		};
		13C58BEE1AB9550700090157 /* Sources */ = {
			isa = PBXSourcesBuildPhase;
			buildActionMask = 2147483647;
			files = (
				13C58BF91AB9550700090157 /* communityiOSTests.m in Sources */,
			);
			runOnlyForDeploymentPostprocessing = 0;
		};
/* End PBXSourcesBuildPhase section */

/* Begin PBXTargetDependency section */
		13C58BF41AB9550700090157 /* PBXTargetDependency */ = {
			isa = PBXTargetDependency;
			target = 13C58BD81AB9550600090157 /* communityiOS */;
			targetProxy = 13C58BF31AB9550700090157 /* PBXContainerItemProxy */;
		};
/* End PBXTargetDependency section */

/* Begin PBXVariantGroup section */
		13C58BE61AB9550600090157 /* Main.storyboard */ = {
			isa = PBXVariantGroup;
			children = (
				13C58BE71AB9550600090157 /* Base */,
			);
			name = Main.storyboard;
			sourceTree = "<group>";
		};
		13C58BEB1AB9550600090157 /* LaunchScreen.xib */ = {
			isa = PBXVariantGroup;
			children = (
				13C58BEC1AB9550600090157 /* Base */,
			);
			name = LaunchScreen.xib;
			sourceTree = "<group>";
		};
/* End PBXVariantGroup section */

/* Begin XCBuildConfiguration section */
		13C58BFA1AB9550700090157 /* Debug */ = {
			isa = XCBuildConfiguration;
			buildSettings = {
				ALWAYS_SEARCH_USER_PATHS = NO;
				CLANG_CXX_LANGUAGE_STANDARD = "gnu++0x";
				CLANG_CXX_LIBRARY = "libc++";
				CLANG_ENABLE_MODULES = YES;
				CLANG_ENABLE_OBJC_ARC = YES;
				CLANG_WARN_BOOL_CONVERSION = YES;
				CLANG_WARN_CONSTANT_CONVERSION = YES;
				CLANG_WARN_DIRECT_OBJC_ISA_USAGE = YES_ERROR;
				CLANG_WARN_EMPTY_BODY = YES;
				CLANG_WARN_ENUM_CONVERSION = YES;
				CLANG_WARN_INT_CONVERSION = YES;
				CLANG_WARN_OBJC_ROOT_CLASS = YES_ERROR;
				CLANG_WARN_UNREACHABLE_CODE = YES;
				CLANG_WARN__DUPLICATE_METHOD_MATCH = YES;
				"CODE_SIGN_IDENTITY[sdk=iphoneos*]" = "iPhone Developer";
				COPY_PHASE_STRIP = NO;
				ENABLE_STRICT_OBJC_MSGSEND = YES;
				GCC_C_LANGUAGE_STANDARD = gnu99;
				GCC_DYNAMIC_NO_PIC = NO;
				GCC_OPTIMIZATION_LEVEL = 0;
				GCC_PREPROCESSOR_DEFINITIONS = (
					"DEBUG=1",
					"$(inherited)",
				);
				GCC_SYMBOLS_PRIVATE_EXTERN = NO;
				GCC_WARN_64_TO_32_BIT_CONVERSION = YES;
				GCC_WARN_ABOUT_RETURN_TYPE = YES_ERROR;
				GCC_WARN_UNDECLARED_SELECTOR = YES;
				GCC_WARN_UNINITIALIZED_AUTOS = YES_AGGRESSIVE;
				GCC_WARN_UNUSED_FUNCTION = YES;
				GCC_WARN_UNUSED_VARIABLE = YES;
				IPHONEOS_DEPLOYMENT_TARGET = 8.2;
				MTL_ENABLE_DEBUG_INFO = YES;
				ONLY_ACTIVE_ARCH = YES;
				SDKROOT = iphoneos;
				TARGETED_DEVICE_FAMILY = "1,2";
			};
			name = Debug;
		};
		13C58BFB1AB9550700090157 /* Release */ = {
			isa = XCBuildConfiguration;
			buildSettings = {
				ALWAYS_SEARCH_USER_PATHS = NO;
				CLANG_CXX_LANGUAGE_STANDARD = "gnu++0x";
				CLANG_CXX_LIBRARY = "libc++";
				CLANG_ENABLE_MODULES = YES;
				CLANG_ENABLE_OBJC_ARC = YES;
				CLANG_WARN_BOOL_CONVERSION = YES;
				CLANG_WARN_CONSTANT_CONVERSION = YES;
				CLANG_WARN_DIRECT_OBJC_ISA_USAGE = YES_ERROR;
				CLANG_WARN_EMPTY_BODY = YES;
				CLANG_WARN_ENUM_CONVERSION = YES;
				CLANG_WARN_INT_CONVERSION = YES;
				CLANG_WARN_OBJC_ROOT_CLASS = YES_ERROR;
				CLANG_WARN_UNREACHABLE_CODE = YES;
				CLANG_WARN__DUPLICATE_METHOD_MATCH = YES;
				"CODE_SIGN_IDENTITY[sdk=iphoneos*]" = "iPhone Developer";
				COPY_PHASE_STRIP = NO;
				ENABLE_NS_ASSERTIONS = NO;
				ENABLE_STRICT_OBJC_MSGSEND = YES;
				GCC_C_LANGUAGE_STANDARD = gnu99;
				GCC_WARN_64_TO_32_BIT_CONVERSION = YES;
				GCC_WARN_ABOUT_RETURN_TYPE = YES_ERROR;
				GCC_WARN_UNDECLARED_SELECTOR = YES;
				GCC_WARN_UNINITIALIZED_AUTOS = YES_AGGRESSIVE;
				GCC_WARN_UNUSED_FUNCTION = YES;
				GCC_WARN_UNUSED_VARIABLE = YES;
				IPHONEOS_DEPLOYMENT_TARGET = 8.2;
				MTL_ENABLE_DEBUG_INFO = NO;
				SDKROOT = iphoneos;
				TARGETED_DEVICE_FAMILY = "1,2";
				VALIDATE_PRODUCT = YES;
			};
			name = Release;
		};
		13C58BFD1AB9550700090157 /* Debug */ = {
			isa = XCBuildConfiguration;
			baseConfigurationReference = 7E639B0AA95704A9F1BEA0E7 /* Pods.debug.xcconfig */;
			buildSettings = {
				ASSETCATALOG_COMPILER_APPICON_NAME = AppIcon;
				INFOPLIST_FILE = communityiOS/Info.plist;
				LD_RUNPATH_SEARCH_PATHS = "$(inherited) @executable_path/Frameworks";
				PRODUCT_NAME = "$(TARGET_NAME)";
			};
			name = Debug;
		};
		13C58BFE1AB9550700090157 /* Release */ = {
			isa = XCBuildConfiguration;
			baseConfigurationReference = 735E3463C69F5339C7061D88 /* Pods.release.xcconfig */;
			buildSettings = {
				ASSETCATALOG_COMPILER_APPICON_NAME = AppIcon;
				INFOPLIST_FILE = communityiOS/Info.plist;
				LD_RUNPATH_SEARCH_PATHS = "$(inherited) @executable_path/Frameworks";
				PRODUCT_NAME = "$(TARGET_NAME)";
			};
			name = Release;
		};
		13C58C001AB9550700090157 /* Debug */ = {
			isa = XCBuildConfiguration;
			buildSettings = {
				BUNDLE_LOADER = "$(TEST_HOST)";
				FRAMEWORK_SEARCH_PATHS = (
					"$(SDKROOT)/Developer/Library/Frameworks",
					"$(inherited)",
				);
				GCC_PREPROCESSOR_DEFINITIONS = (
					"DEBUG=1",
					"$(inherited)",
				);
				INFOPLIST_FILE = communityiOSTests/Info.plist;
				LD_RUNPATH_SEARCH_PATHS = "$(inherited) @executable_path/Frameworks @loader_path/Frameworks";
				PRODUCT_NAME = "$(TARGET_NAME)";
				TEST_HOST = "$(BUILT_PRODUCTS_DIR)/communityiOS.app/communityiOS";
			};
			name = Debug;
		};
		13C58C011AB9550700090157 /* Release */ = {
			isa = XCBuildConfiguration;
			buildSettings = {
				BUNDLE_LOADER = "$(TEST_HOST)";
				FRAMEWORK_SEARCH_PATHS = (
					"$(SDKROOT)/Developer/Library/Frameworks",
					"$(inherited)",
				);
				INFOPLIST_FILE = communityiOSTests/Info.plist;
				LD_RUNPATH_SEARCH_PATHS = "$(inherited) @executable_path/Frameworks @loader_path/Frameworks";
				PRODUCT_NAME = "$(TARGET_NAME)";
				TEST_HOST = "$(BUILT_PRODUCTS_DIR)/communityiOS.app/communityiOS";
			};
			name = Release;
		};
/* End XCBuildConfiguration section */

/* Begin XCConfigurationList section */
		13C58BD41AB9550600090157 /* Build configuration list for PBXProject "communityiOS" */ = {
			isa = XCConfigurationList;
			buildConfigurations = (
				13C58BFA1AB9550700090157 /* Debug */,
				13C58BFB1AB9550700090157 /* Release */,
			);
			defaultConfigurationIsVisible = 0;
			defaultConfigurationName = Release;
		};
		13C58BFC1AB9550700090157 /* Build configuration list for PBXNativeTarget "communityiOS" */ = {
			isa = XCConfigurationList;
			buildConfigurations = (
				13C58BFD1AB9550700090157 /* Debug */,
				13C58BFE1AB9550700090157 /* Release */,
			);
			defaultConfigurationIsVisible = 0;
			defaultConfigurationName = Release;
		};
		13C58BFF1AB9550700090157 /* Build configuration list for PBXNativeTarget "communityiOSTests" */ = {
			isa = XCConfigurationList;
			buildConfigurations = (
				13C58C001AB9550700090157 /* Debug */,
				13C58C011AB9550700090157 /* Release */,
			);
			defaultConfigurationIsVisible = 0;
			defaultConfigurationName = Release;
		};
/* End XCConfigurationList section */
	};
	rootObject = 13C58BD11AB9550600090157 /* Project object */;
}
